<?xml version="1.0"?>
<CONFIG>
  <ProjectOptions>
    <PathDelim Value="\"/>
    <Version Value="7"/>
    <General>
      <Flags>
        <MainUnitHasCreateFormStatements Value="False"/>
        <MainUnitHasTitleStatement Value="False"/>
        <Runnable Value="False"/>
      </Flags>
      <MainUnit Value="0"/>
      <TargetFileExt Value=".exe"/>
      <Title Value="Analogue Mojo"/>
      <ActiveEditorIndexAtStart Value="3"/>
    </General>
    <VersionInfo>
      <ProjectVersion Value=""/>
      <Language Value=""/>
      <CharSet Value=""/>
    </VersionInfo>
    <PublishOptions>
      <Version Value="2"/>
      <IgnoreBinaries Value="False"/>
      <IncludeFileFilter Value="*.(pas|pp|inc|lfm|lpr|lrs|lpi|lpk|sh|xml)"/>
      <ExcludeFileFilter Value="*.(bak|ppu|ppw|o|so);*~;backup"/>
    </PublishOptions>
    <RunParams>
      <local>
        <FormatVersion Value="1"/>
        <LaunchingApplication PathPlusParams="/usr/X11R6/bin/xterm -T 'Lazarus Run Output' -e $(LazarusDir)/tools/runwait.sh $(TargetCmdLine)"/>
      </local>
    </RunParams>
    <RequiredPackages Count="4">
      <Item1>
        <PackageName Value="DAV_VSTPlugin_Lazarus"/>
      </Item1>
      <Item2>
        <PackageName Value="DAV_DSP_Lazarus"/>
      </Item2>
      <Item3>
        <PackageName Value="DAV_Common_Lazarus"/>
      </Item3>
      <Item4>
        <PackageName Value="LCL"/>
      </Item4>
    </RequiredPackages>
    <Units Count="8">
      <Unit0>
        <Filename Value="AnalogueMojo.lpr"/>
        <IsPartOfProject Value="True"/>
        <UnitName Value="AnalogueMojo"/>
        <CursorPos X="76" Y="30"/>
        <TopLine Value="1"/>
        <EditorIndex Value="0"/>
        <UsageCount Value="21"/>
        <Loaded Value="True"/>
      </Unit0>
      <Unit1>
        <Filename Value="AnalogueMojoDSP.pas"/>
        <IsPartOfProject Value="True"/>
        <ComponentName Value="AnalogueMojoDM"/>
        <HasResources Value="True"/>
        <ResourceBaseClass Value="DataModule"/>
        <UnitName Value="AnalogueMojoDSP"/>
        <CursorPos X="1" Y="55"/>
        <TopLine Value="35"/>
        <EditorIndex Value="6"/>
        <UsageCount Value="21"/>
        <Loaded Value="True"/>
      </Unit1>
      <Unit2>
        <Filename Value="AnalogueMojoDSP.lrs"/>
        <CursorPos X="26" Y="3"/>
        <TopLine Value="1"/>
        <UsageCount Value="10"/>
      </Unit2>
      <Unit3>
        <Filename Value="..\..\..\Source\DSP\DAV_DspPolyphaseDownsampler.pas"/>
        <UnitName Value="DAV_DspPolyphaseDownsampler"/>
        <CursorPos X="1" Y="1"/>
        <TopLine Value="1"/>
        <EditorIndex Value="1"/>
        <UsageCount Value="10"/>
        <Loaded Value="True"/>
      </Unit3>
      <Unit4>
        <Filename Value="..\..\..\Source\DSP\DAV_DspTransformerSimulation.pas"/>
        <UnitName Value="DAV_DspTransformerSimulation"/>
        <CursorPos X="45" Y="93"/>
        <TopLine Value="76"/>
        <EditorIndex Value="2"/>
        <UsageCount Value="10"/>
        <Loaded Value="True"/>
      </Unit4>
      <Unit5>
        <Filename Value="..\..\..\Source\DSP\DAV_DspPolyphaseUpsampler.pas"/>
        <UnitName Value="DAV_DspPolyphaseUpsampler"/>
        <CursorPos X="5" Y="1006"/>
        <TopLine Value="973"/>
        <EditorIndex Value="3"/>
        <UsageCount Value="10"/>
        <Loaded Value="True"/>
      </Unit5>
      <Unit6>
        <Filename Value="..\..\..\Source\DAV_Math.pas"/>
        <UnitName Value="DAV_Math"/>
        <CursorPos X="14" Y="399"/>
        <TopLine Value="382"/>
        <EditorIndex Value="4"/>
        <UsageCount Value="10"/>
        <Loaded Value="True"/>
      </Unit6>
      <Unit7>
        <Filename Value="..\..\..\Source\VST\DAV_VSTPrograms.pas"/>
        <UnitName Value="DAV_VSTPrograms"/>
        <CursorPos X="22" Y="8"/>
        <TopLine Value="1"/>
        <EditorIndex Value="5"/>
        <UsageCount Value="10"/>
        <Loaded Value="True"/>
      </Unit7>
    </Units>
    <JumpHistory Count="30" HistoryIndex="29">
      <Position1>
        <Filename Value="..\..\..\Source\DSP\DAV_DspPolyphaseDownsampler.pas"/>
        <Caret Line="817" Column="15" TopLine="800"/>
      </Position1>
      <Position2>
        <Filename Value="..\..\..\Source\DSP\DAV_DspPolyphaseDownsampler.pas"/>
        <Caret Line="855" Column="16" TopLine="838"/>
      </Position2>
      <Position3>
        <Filename Value="..\..\..\Source\DSP\DAV_DspPolyphaseDownsampler.pas"/>
        <Caret Line="900" Column="15" TopLine="883"/>
      </Position3>
      <Position4>
        <Filename Value="..\..\..\Source\DSP\DAV_DspPolyphaseDownsampler.pas"/>
        <Caret Line="957" Column="16" TopLine="940"/>
      </Position4>
      <Position5>
        <Filename Value="..\..\..\Source\DSP\DAV_DspPolyphaseDownsampler.pas"/>
        <Caret Line="1031" Column="16" TopLine="1014"/>
      </Position5>
      <Position6>
        <Filename Value="..\..\..\Source\DSP\DAV_DspPolyphaseDownsampler.pas"/>
        <Caret Line="1153" Column="37" TopLine="1136"/>
      </Position6>
      <Position7>
        <Filename Value="..\..\..\Source\DSP\DAV_DspPolyphaseDownsampler.pas"/>
        <Caret Line="1245" Column="37" TopLine="1228"/>
      </Position7>
      <Position8>
        <Filename Value="..\..\..\Source\DSP\DAV_DspTransformerSimulation.pas"/>
        <Caret Line="1" Column="1" TopLine="1"/>
      </Position8>
      <Position9>
        <Filename Value="..\..\..\Source\DSP\DAV_DspPolyphaseUpsampler.pas"/>
        <Caret Line="1" Column="1" TopLine="1"/>
      </Position9>
      <Position10>
        <Filename Value="..\..\..\Source\DSP\DAV_DspPolyphaseUpsampler.pas"/>
        <Caret Line="865" Column="27" TopLine="846"/>
      </Position10>
      <Position11>
        <Filename Value="..\..\..\Source\DAV_Math.pas"/>
        <Caret Line="1" Column="1" TopLine="1"/>
      </Position11>
      <Position12>
        <Filename Value="..\..\..\Source\DAV_Math.pas"/>
        <Caret Line="188" Column="8" TopLine="171"/>
      </Position12>
      <Position13>
        <Filename Value="..\..\..\Source\VST\DAV_VSTPrograms.pas"/>
        <Caret Line="1" Column="1" TopLine="1"/>
      </Position13>
      <Position14>
        <Filename Value="..\..\..\Source\DSP\DAV_DspPolyphaseUpsampler.pas"/>
        <Caret Line="127" Column="3" TopLine="110"/>
      </Position14>
      <Position15>
        <Filename Value="..\..\..\Source\DSP\DAV_DspPolyphaseUpsampler.pas"/>
        <Caret Line="937" Column="27" TopLine="909"/>
      </Position15>
      <Position16>
        <Filename Value="..\..\..\Source\DSP\DAV_DspPolyphaseUpsampler.pas"/>
        <Caret Line="970" Column="30" TopLine="937"/>
      </Position16>
      <Position17>
        <Filename Value="..\..\..\Source\DSP\DAV_DspPolyphaseUpsampler.pas"/>
        <Caret Line="304" Column="27" TopLine="252"/>
      </Position17>
      <Position18>
        <Filename Value="..\..\..\Source\DSP\DAV_DspPolyphaseUpsampler.pas"/>
        <Caret Line="810" Column="30" TopLine="780"/>
      </Position18>
      <Position19>
        <Filename Value="..\..\..\Source\DSP\DAV_DspPolyphaseUpsampler.pas"/>
        <Caret Line="808" Column="2" TopLine="791"/>
      </Position19>
      <Position20>
        <Filename Value="..\..\..\Source\DSP\DAV_DspPolyphaseUpsampler.pas"/>
        <Caret Line="783" Column="29" TopLine="764"/>
      </Position20>
      <Position21>
        <Filename Value="..\..\..\Source\DSP\DAV_DspPolyphaseUpsampler.pas"/>
        <Caret Line="538" Column="28" TopLine="506"/>
      </Position21>
      <Position22>
        <Filename Value="..\..\..\Source\DSP\DAV_DspPolyphaseUpsampler.pas"/>
        <Caret Line="562" Column="2" TopLine="545"/>
      </Position22>
      <Position23>
        <Filename Value="..\..\..\Source\DSP\DAV_DspPolyphaseUpsampler.pas"/>
        <Caret Line="582" Column="2" TopLine="565"/>
      </Position23>
      <Position24>
        <Filename Value="..\..\..\Source\DSP\DAV_DspPolyphaseUpsampler.pas"/>
        <Caret Line="808" Column="2" TopLine="791"/>
      </Position24>
      <Position25>
        <Filename Value="..\..\..\Source\DSP\DAV_DspPolyphaseUpsampler.pas"/>
        <Caret Line="126" Column="10" TopLine="110"/>
      </Position25>
      <Position26>
        <Filename Value="..\..\..\Source\DSP\DAV_DspPolyphaseUpsampler.pas"/>
        <Caret Line="127" Column="10" TopLine="110"/>
      </Position26>
      <Position27>
        <Filename Value="..\..\..\Source\DSP\DAV_DspPolyphaseUpsampler.pas"/>
        <Caret Line="1" Column="1" TopLine="1"/>
      </Position27>
      <Position28>
        <Filename Value="..\..\..\Source\DSP\DAV_DspPolyphaseUpsampler.pas"/>
        <Caret Line="127" Column="10" TopLine="110"/>
      </Position28>
      <Position29>
        <Filename Value="..\..\..\Source\DSP\DAV_DspPolyphaseUpsampler.pas"/>
        <Caret Line="1" Column="1" TopLine="1"/>
      </Position29>
      <Position30>
        <Filename Value="..\..\..\Source\DSP\DAV_DspPolyphaseUpsampler.pas"/>
        <Caret Line="312" Column="1" TopLine="297"/>
      </Position30>
    </JumpHistory>
  </ProjectOptions>
  <CompilerOptions>
    <Version Value="8"/>
    <PathDelim Value="\"/>
    <SearchPaths>
      <IncludeFiles Value="..\..\..\Source\"/>
      <OtherUnitFiles Value="..\..\..\Source\;..\..\..\Source\DSP\;..\..\..\Source\Math\;..\..\..\Source\VST\"/>
      <UnitOutputDirectory Value="..\..\..\Bin\$(TargetCPU)-$(TargetOS)"/>
    </SearchPaths>
    <Parsing>
      <SyntaxOptions>
        <CStyleOperator Value="False"/>
        <IncludeAssertionCode Value="True"/>
        <CPPInline Value="False"/>
      </SyntaxOptions>
    </Parsing>
    <CodeGeneration>
      <SmartLinkUnit Value="True"/>
    </CodeGeneration>
    <Linking>
      <Debugging>
        <UseLineInfoUnit Value="False"/>
      </Debugging>
      <LinkSmart Value="True"/>
      <Options>
        <Win32>
          <GraphicApplication Value="True"/>
        </Win32>
        <ExecutableType Value="Library"/>
      </Options>
    </Linking>
    <Other>
      <Verbosity>
        <ShowNotes Value="False"/>
        <ShowHints Value="False"/>
        <ShowGenInfo Value="False"/>
      </Verbosity>
      <CompilerPath Value="$(CompPath)"/>
    </Other>
  </CompilerOptions>
  <Debugging>
    <Exceptions Count="3">
      <Item1>
        <Name Value="EAbort"/>
      </Item1>
      <Item2>
        <Name Value="ECodetoolError"/>
      </Item2>
      <Item3>
        <Name Value="EFOpenError"/>
      </Item3>
    </Exceptions>
  </Debugging>
</CONFIG>
