<?xml version="1.0"?>
<CONFIG>
  <ProjectOptions>
    <Version Value="9"/>
    <PathDelim Value="\"/>
    <General>
      <Flags>
        <MainUnitHasCreateFormStatements Value="False"/>
        <MainUnitHasTitleStatement Value="False"/>
      </Flags>
      <MainUnit Value="0"/>
      <ResourceType Value="res"/>
      <UseXPManifest Value="True"/>
      <ActiveWindowIndexAtStart Value="0"/>
    </General>
    <i18n>
      <EnableI18N LFM="False"/>
    </i18n>
    <VersionInfo>
      <StringTable ProductVersion=""/>
    </VersionInfo>
    <BuildModes Count="2" Active="Release">
      <Item1 Name="Release" Default="True"/>
      <Item2 Name="Debug">
        <CompilerOptions>
          <Version Value="10"/>
          <PathDelim Value="\"/>
          <Target>
            <Filename Value="..\..\..\..\Bin\VST\64-Bit\"/>
          </Target>
          <SearchPaths>
            <IncludeFiles Value="..\..\..\..\Source;$(ProjOutDir)"/>
            <OtherUnitFiles Value="..\..\..\..\Source;..\..\..\..\Source\VST;..\..\..\..\Source\DSP;..\..\..\..\Source\Math;..\..\..\..\Source\GUI;..\..\..\..\Source\FileFormats"/>
            <UnitOutputDirectory Value="..\..\..\..\Precompiles\$(TargetCPU)-$(TargetOS)"/>
          </SearchPaths>
          <Parsing>
            <SyntaxOptions>
              <SyntaxMode Value="Delphi"/>
              <CStyleOperator Value="False"/>
              <IncludeAssertionCode Value="True"/>
              <CPPInline Value="False"/>
            </SyntaxOptions>
          </Parsing>
          <CodeGeneration>
            <Optimizations>
              <OptimizationLevel Value="0"/>
            </Optimizations>
          </CodeGeneration>
          <Linking>
            <Debugging>
              <GenerateDebugInfo Value="True"/>
              <GenerateDwarf Value="True"/>
              <UseHeaptrc Value="True"/>
            </Debugging>
            <Options>
              <Win32>
                <GraphicApplication Value="True"/>
              </Win32>
              <ExecutableType Value="Library"/>
            </Options>
          </Linking>
          <Other>
            <CompilerMessages>
              <UseMsgFile Value="True"/>
            </CompilerMessages>
            <CompilerPath Value="$(CompPath)"/>
          </Other>
        </CompilerOptions>
      </Item2>
    </BuildModes>
    <PublishOptions>
      <Version Value="2"/>
      <IncludeFileFilter Value="*.(pas|pp|inc|lfm|lpr|lrs|lpi|lpk|sh|xml)"/>
      <ExcludeFileFilter Value="*.(bak|ppu|o|so);*~;backup"/>
    </PublishOptions>
    <RunParams>
      <local>
        <FormatVersion Value="1"/>
        <HostApplicationFilename Value="C:\Users\Public\Code\VSTPack\Bin\VST\64-Bit\VST-Plugin Unit Test (x64).exe"/>
        <CommandLineParams Value="&quot;Noise Reduction (x64).dll&quot;"/>
      </local>
    </RunParams>
    <RequiredPackages Count="5">
      <Item1>
        <PackageName Value="DAV_VSTPlugin_Lazarus"/>
      </Item1>
      <Item2>
        <PackageName Value="DAV_DSP_Lazarus"/>
      </Item2>
      <Item3>
        <PackageName Value="DAV_Common_Lazarus"/>
      </Item3>
      <Item4>
        <PackageName Value="LCL"/>
      </Item4>
      <Item5>
        <PackageName Value="DAV_GUI_Lazarus"/>
      </Item5>
    </RequiredPackages>
    <Units Count="24">
      <Unit0>
        <Filename Value="NoiseReduction.lpr"/>
        <IsPartOfProject Value="True"/>
        <WindowIndex Value="0"/>
        <TopLine Value="14"/>
        <CursorPos X="1" Y="22"/>
        <UsageCount Value="23"/>
        <DefaultSyntaxHighlighter Value="Delphi"/>
      </Unit0>
      <Unit1>
        <Filename Value="NoiseReductionDM.pas"/>
        <IsPartOfProject Value="True"/>
        <ComponentName Value="NoiseReductionModule"/>
        <HasResources Value="True"/>
        <ResourceBaseClass Value="DataModule"/>
        <UnitName Value="NoiseReductionDM"/>
        <EditorIndex Value="0"/>
        <WindowIndex Value="0"/>
        <TopLine Value="375"/>
        <CursorPos X="14" Y="391"/>
        <UsageCount Value="23"/>
        <Loaded Value="True"/>
        <LoadedDesigner Value="True"/>
        <DefaultSyntaxHighlighter Value="Delphi"/>
      </Unit1>
      <Unit2>
        <Filename Value="NoiseReductionGui.pas"/>
        <IsPartOfProject Value="True"/>
        <ComponentName Value="FmNoiseReduction"/>
        <HasResources Value="True"/>
        <ResourceBaseClass Value="Form"/>
        <UnitName Value="NoiseReductionGui"/>
        <WindowIndex Value="0"/>
        <TopLine Value="101"/>
        <CursorPos X="5" Y="101"/>
        <UsageCount Value="23"/>
        <DefaultSyntaxHighlighter Value="Delphi"/>
      </Unit2>
      <Unit3>
        <Filename Value="..\..\..\..\Source\FileFormats\DAV_ChunkClasses.pas"/>
        <UnitName Value="DAV_ChunkClasses"/>
        <WindowIndex Value="0"/>
        <TopLine Value="863"/>
        <CursorPos X="58" Y="883"/>
        <UsageCount Value="10"/>
        <DefaultSyntaxHighlighter Value="Delphi"/>
      </Unit3>
      <Unit4>
        <Filename Value="..\..\..\..\Source\GUI\DAV_GuiPixelMap.pas"/>
        <UnitName Value="DAV_GuiPixelMap"/>
        <WindowIndex Value="0"/>
        <TopLine Value="90"/>
        <CursorPos X="77" Y="107"/>
        <UsageCount Value="10"/>
        <DefaultSyntaxHighlighter Value="Delphi"/>
      </Unit4>
      <Unit5>
        <Filename Value="..\..\..\..\Source\DAV_ProcessorInfo.pas"/>
        <UnitName Value="DAV_ProcessorInfo"/>
        <WindowIndex Value="0"/>
        <TopLine Value="1067"/>
        <CursorPos X="4" Y="1083"/>
        <UsageCount Value="10"/>
        <DefaultSyntaxHighlighter Value="Delphi"/>
      </Unit5>
      <Unit6>
        <Filename Value="..\..\..\..\Source\DSP\DAV_DspDynamics.pas"/>
        <UnitName Value="DAV_DspDynamics"/>
        <WindowIndex Value="0"/>
        <TopLine Value="2153"/>
        <CursorPos X="47" Y="2169"/>
        <UsageCount Value="10"/>
        <DefaultSyntaxHighlighter Value="Delphi"/>
      </Unit6>
      <Unit7>
        <Filename Value="..\..\..\..\Source\DSP\DAV_DspFilterButterworth.pas"/>
        <UnitName Value="DAV_DspFilterButterworth"/>
        <EditorIndex Value="4"/>
        <WindowIndex Value="0"/>
        <TopLine Value="1234"/>
        <CursorPos X="44" Y="1250"/>
        <UsageCount Value="10"/>
        <Loaded Value="True"/>
        <DefaultSyntaxHighlighter Value="Delphi"/>
      </Unit7>
      <Unit8>
        <Filename Value="..\..\..\..\Source\DSP\DAV_DspDelayLines.pas"/>
        <UnitName Value="DAV_DspDelayLines"/>
        <WindowIndex Value="0"/>
        <TopLine Value="541"/>
        <CursorPos X="15" Y="557"/>
        <UsageCount Value="10"/>
        <DefaultSyntaxHighlighter Value="Delphi"/>
      </Unit8>
      <Unit9>
        <Filename Value="..\..\..\..\Source\DSP\DAV_DspInterpolation.pas"/>
        <UnitName Value="DAV_DspInterpolation"/>
        <WindowIndex Value="0"/>
        <TopLine Value="213"/>
        <CursorPos X="72" Y="223"/>
        <UsageCount Value="10"/>
        <Bookmarks Count="1">
          <Item0 X="57" Y="189" ID="3"/>
        </Bookmarks>
        <DefaultSyntaxHighlighter Value="Delphi"/>
      </Unit9>
      <Unit10>
        <Filename Value="..\..\..\..\Source\GUI\DAV_GuiFont.pas"/>
        <UnitName Value="DAV_GuiFont"/>
        <WindowIndex Value="0"/>
        <TopLine Value="670"/>
        <CursorPos X="4" Y="672"/>
        <UsageCount Value="10"/>
        <DefaultSyntaxHighlighter Value="Delphi"/>
      </Unit10>
      <Unit11>
        <Filename Value="C:\Lazarus\lcl\graphics.pp"/>
        <UnitName Value="Graphics"/>
        <WindowIndex Value="0"/>
        <TopLine Value="523"/>
        <CursorPos X="14" Y="539"/>
        <UsageCount Value="10"/>
      </Unit11>
      <Unit12>
        <Filename Value="..\..\..\..\Source\VST\DAV_VSTHost.pas"/>
        <UnitName Value="DAV_VSTHost"/>
        <EditorIndex Value="1"/>
        <WindowIndex Value="0"/>
        <TopLine Value="2012"/>
        <CursorPos X="1" Y="2028"/>
        <UsageCount Value="10"/>
        <Loaded Value="True"/>
        <DefaultSyntaxHighlighter Value="Delphi"/>
      </Unit12>
      <Unit13>
        <Filename Value="..\..\..\..\Source\DSP\DAV_DspSpectralEffects.pas"/>
        <UnitName Value="DAV_DspSpectralEffects"/>
        <EditorIndex Value="10"/>
        <WindowIndex Value="0"/>
        <TopLine Value="19"/>
        <CursorPos X="5" Y="35"/>
        <UsageCount Value="10"/>
        <Loaded Value="True"/>
        <DefaultSyntaxHighlighter Value="Delphi"/>
      </Unit13>
      <Unit14>
        <Filename Value="..\..\..\..\Source\DSP\DAV_DspSpectralFilters.pas"/>
        <UnitName Value="DAV_DspSpectralFilters"/>
        <EditorIndex Value="11"/>
        <WindowIndex Value="0"/>
        <TopLine Value="19"/>
        <CursorPos X="8" Y="35"/>
        <UsageCount Value="10"/>
        <Loaded Value="True"/>
        <DefaultSyntaxHighlighter Value="Delphi"/>
      </Unit14>
      <Unit15>
        <Filename Value="..\..\..\..\Source\DAV_Compiler.inc"/>
        <EditorIndex Value="13"/>
        <WindowIndex Value="0"/>
        <TopLine Value="1"/>
        <CursorPos X="1" Y="1"/>
        <UsageCount Value="10"/>
        <Loaded Value="True"/>
        <DefaultSyntaxHighlighter Value="Delphi"/>
      </Unit15>
      <Unit16>
        <Filename Value="..\..\..\..\Source\DSP\DAV_DspSpectralNoiseReduction.pas"/>
        <UnitName Value="DAV_DspSpectralNoiseReduction"/>
        <EditorIndex Value="12"/>
        <WindowIndex Value="0"/>
        <TopLine Value="19"/>
        <CursorPos X="68" Y="40"/>
        <UsageCount Value="10"/>
        <Loaded Value="True"/>
        <DefaultSyntaxHighlighter Value="Delphi"/>
      </Unit16>
      <Unit17>
        <Filename Value="..\..\..\..\Source\DSP\DAV_DspChorus.pas"/>
        <UnitName Value="DAV_DspChorus"/>
        <EditorIndex Value="2"/>
        <WindowIndex Value="0"/>
        <TopLine Value="19"/>
        <CursorPos X="5" Y="35"/>
        <UsageCount Value="10"/>
        <Loaded Value="True"/>
        <DefaultSyntaxHighlighter Value="Delphi"/>
      </Unit17>
      <Unit18>
        <Filename Value="..\..\..\..\Source\DSP\DAV_DspDynamicLookaheadLimiter.pas"/>
        <UnitName Value="DAV_DspDynamicLookaheadLimiter"/>
        <EditorIndex Value="3"/>
        <WindowIndex Value="0"/>
        <TopLine Value="19"/>
        <CursorPos X="8" Y="35"/>
        <UsageCount Value="10"/>
        <Loaded Value="True"/>
        <DefaultSyntaxHighlighter Value="Delphi"/>
      </Unit18>
      <Unit19>
        <Filename Value="..\..\..\..\Source\DSP\DAV_DspExciter.pas"/>
        <UnitName Value="DAV_DspExciter"/>
        <EditorIndex Value="5"/>
        <WindowIndex Value="0"/>
        <TopLine Value="23"/>
        <CursorPos X="3" Y="40"/>
        <UsageCount Value="10"/>
        <Loaded Value="True"/>
        <DefaultSyntaxHighlighter Value="Delphi"/>
      </Unit19>
      <Unit20>
        <Filename Value="..\..\..\..\Source\DSP\DAV_DspPolyphaseHilbert.pas"/>
        <UnitName Value="DAV_DspPolyphaseHilbert"/>
        <EditorIndex Value="6"/>
        <WindowIndex Value="0"/>
        <TopLine Value="317"/>
        <CursorPos X="18" Y="333"/>
        <UsageCount Value="10"/>
        <Loaded Value="True"/>
        <DefaultSyntaxHighlighter Value="Delphi"/>
      </Unit20>
      <Unit21>
        <Filename Value="..\..\..\..\Source\DSP\DAV_DspModDelay.pas"/>
        <UnitName Value="DAV_DspModDelay"/>
        <EditorIndex Value="7"/>
        <WindowIndex Value="0"/>
        <TopLine Value="126"/>
        <CursorPos X="13" Y="142"/>
        <UsageCount Value="10"/>
        <Loaded Value="True"/>
        <DefaultSyntaxHighlighter Value="Delphi"/>
      </Unit21>
      <Unit22>
        <Filename Value="..\..\..\..\Source\DSP\DAV_DspParametricEQ.pas"/>
        <UnitName Value="DAV_DspParametricEQ"/>
        <EditorIndex Value="8"/>
        <WindowIndex Value="0"/>
        <TopLine Value="22"/>
        <CursorPos X="12" Y="38"/>
        <UsageCount Value="10"/>
        <Loaded Value="True"/>
        <DefaultSyntaxHighlighter Value="Delphi"/>
      </Unit22>
      <Unit23>
        <Filename Value="..\..\..\..\Source\DSP\DAV_DspHumRemoval.pas"/>
        <UnitName Value="DAV_DspHumRemoval"/>
        <IsVisibleTab Value="True"/>
        <EditorIndex Value="9"/>
        <WindowIndex Value="0"/>
        <TopLine Value="22"/>
        <CursorPos X="56" Y="44"/>
        <UsageCount Value="10"/>
        <Loaded Value="True"/>
        <DefaultSyntaxHighlighter Value="Delphi"/>
      </Unit23>
    </Units>
    <JumpHistory Count="21" HistoryIndex="20">
      <Position1>
        <Filename Value="NoiseReductionDM.pas"/>
        <Caret Line="171" Column="34" TopLine="156"/>
      </Position1>
      <Position2>
        <Filename Value="NoiseReductionDM.pas"/>
        <Caret Line="391" Column="14" TopLine="375"/>
      </Position2>
      <Position3>
        <Filename Value="..\..\..\..\Source\VST\DAV_VSTHost.pas"/>
        <Caret Line="2013" Column="60" TopLine="1987"/>
      </Position3>
      <Position4>
        <Filename Value="NoiseReductionDM.pas"/>
        <Caret Line="391" Column="14" TopLine="375"/>
      </Position4>
      <Position5>
        <Filename Value="..\..\..\..\Source\VST\DAV_VSTHost.pas"/>
        <Caret Line="2033" Column="17" TopLine="2012"/>
      </Position5>
      <Position6>
        <Filename Value="..\..\..\..\Source\DSP\DAV_DspSpectralEffects.pas"/>
        <Caret Line="1" Column="1" TopLine="1"/>
      </Position6>
      <Position7>
        <Filename Value="..\..\..\..\Source\DSP\DAV_DspSpectralFilters.pas"/>
        <Caret Line="1" Column="1" TopLine="1"/>
      </Position7>
      <Position8>
        <Filename Value="..\..\..\..\Source\DSP\DAV_DspSpectralFilters.pas"/>
        <Caret Line="35" Column="5" TopLine="19"/>
      </Position8>
      <Position9>
        <Filename Value="..\..\..\..\Source\DSP\DAV_DspSpectralNoiseReduction.pas"/>
        <Caret Line="1" Column="1" TopLine="1"/>
      </Position9>
      <Position10>
        <Filename Value="..\..\..\..\Source\DSP\DAV_DspSpectralNoiseReduction.pas"/>
        <Caret Line="40" Column="68" TopLine="19"/>
      </Position10>
      <Position11>
        <Filename Value="..\..\..\..\Source\DSP\DAV_DspChorus.pas"/>
        <Caret Line="1" Column="1" TopLine="1"/>
      </Position11>
      <Position12>
        <Filename Value="..\..\..\..\Source\DSP\DAV_DspDynamicLookaheadLimiter.pas"/>
        <Caret Line="1" Column="1" TopLine="1"/>
      </Position12>
      <Position13>
        <Filename Value="..\..\..\..\Source\DSP\DAV_DspFilterButterworth.pas"/>
        <Caret Line="1250" Column="44" TopLine="1234"/>
      </Position13>
      <Position14>
        <Filename Value="..\..\..\..\Source\DSP\DAV_DspExciter.pas"/>
        <Caret Line="1" Column="1" TopLine="1"/>
      </Position14>
      <Position15>
        <Filename Value="..\..\..\..\Source\DSP\DAV_DspExciter.pas"/>
        <Caret Line="38" Column="36" TopLine="22"/>
      </Position15>
      <Position16>
        <Filename Value="..\..\..\..\Source\DSP\DAV_DspPolyphaseHilbert.pas"/>
        <Caret Line="1" Column="1" TopLine="1"/>
      </Position16>
      <Position17>
        <Filename Value="..\..\..\..\Source\DSP\DAV_DspModDelay.pas"/>
        <Caret Line="1" Column="1" TopLine="1"/>
      </Position17>
      <Position18>
        <Filename Value="..\..\..\..\Source\DSP\DAV_DspParametricEQ.pas"/>
        <Caret Line="1" Column="1" TopLine="1"/>
      </Position18>
      <Position19>
        <Filename Value="..\..\..\..\Source\DSP\DAV_DspHumRemoval.pas"/>
        <Caret Line="1" Column="1" TopLine="1"/>
      </Position19>
      <Position20>
        <Filename Value="..\..\..\..\Source\DSP\DAV_DspHumRemoval.pas"/>
        <Caret Line="40" Column="3" TopLine="23"/>
      </Position20>
      <Position21>
        <Filename Value="..\..\..\..\Source\DSP\DAV_DspHumRemoval.pas"/>
        <Caret Line="49" Column="43" TopLine="22"/>
      </Position21>
    </JumpHistory>
  </ProjectOptions>
  <CompilerOptions>
    <Version Value="10"/>
    <PathDelim Value="\"/>
    <Target>
      <Filename Value="..\..\..\..\Bin\VST\64-Bit\Noise Reduction (x64).dll"/>
    </Target>
    <SearchPaths>
      <IncludeFiles Value="..\..\..\..\Source;$(ProjOutDir)"/>
      <OtherUnitFiles Value="..\..\..\..\Source;..\..\..\..\Source\VST;..\..\..\..\Source\DSP;..\..\..\..\Source\Math;..\..\..\..\Source\GUI;..\..\..\..\Source\FileFormats"/>
      <UnitOutputDirectory Value="..\..\..\..\Precompiles\$(TargetCPU)-$(TargetOS)"/>
    </SearchPaths>
    <Parsing>
      <SyntaxOptions>
        <SyntaxMode Value="Delphi"/>
        <CStyleOperator Value="False"/>
        <CPPInline Value="False"/>
      </SyntaxOptions>
    </Parsing>
    <CodeGeneration>
      <SmartLinkUnit Value="True"/>
    </CodeGeneration>
    <Linking>
      <Debugging>
        <UseLineInfoUnit Value="False"/>
        <StripSymbols Value="True"/>
      </Debugging>
      <LinkSmart Value="True"/>
      <Options>
        <Win32>
          <GraphicApplication Value="True"/>
        </Win32>
        <ExecutableType Value="Library"/>
      </Options>
    </Linking>
    <Other>
      <Verbosity>
        <ShowNotes Value="False"/>
        <ShowHints Value="False"/>
        <ShowGenInfo Value="False"/>
      </Verbosity>
      <WriteFPCLogo Value="False"/>
      <CompilerMessages>
        <UseMsgFile Value="True"/>
      </CompilerMessages>
      <CompilerPath Value="$(CompPath)"/>
    </Other>
  </CompilerOptions>
  <Debugging>
    <BreakPoints Count="1">
      <Item1>
        <Kind Value="bpkSource"/>
        <Source Value="NoiseReductionDM.pas"/>
        <Line Value="386"/>
      </Item1>
    </BreakPoints>
    <Exceptions Count="3">
      <Item1>
        <Name Value="EAbort"/>
      </Item1>
      <Item2>
        <Name Value="ECodetoolError"/>
      </Item2>
      <Item3>
        <Name Value="EFOpenError"/>
      </Item3>
    </Exceptions>
  </Debugging>
</CONFIG>
