<?xml version="1.0"?>
<CONFIG>
  <ProjectOptions>
    <Version Value="9"/>
    <PathDelim Value="\"/>
    <General>
      <Flags>
        <MainUnitHasCreateFormStatements Value="False"/>
        <MainUnitHasTitleStatement Value="False"/>
        <LRSInOutputDirectory Value="False"/>
      </Flags>
      <MainUnit Value="0"/>
      <Title Value="2-Band Distortion"/>
      <UseAppBundle Value="False"/>
      <ResourceType Value="res"/>
      <ActiveWindowIndexAtStart Value="0"/>
    </General>
    <VersionInfo>
      <Language Value=""/>
      <CharSet Value=""/>
      <StringTable ProductVersion=""/>
    </VersionInfo>
    <BuildModes Count="1">
      <Item1 Name="default" Default="True"/>
    </BuildModes>
    <PublishOptions>
      <Version Value="2"/>
      <IgnoreBinaries Value="False"/>
      <IncludeFileFilter Value="*.(pas|pp|inc|lfm|lpr|lrs|lpi|lpk|sh|xml)"/>
      <ExcludeFileFilter Value="*.(bak|ppu|ppw|o|so);*~;backup"/>
    </PublishOptions>
    <RunParams>
      <local>
        <FormatVersion Value="1"/>
        <LaunchingApplication PathPlusParams="/usr/X11R6/bin/xterm -T 'Lazarus Run Output' -e $(LazarusDir)/tools/runwait.sh $(TargetCmdLine)"/>
      </local>
    </RunParams>
    <RequiredPackages Count="6">
      <Item1>
        <PackageName Value="DAV_VSTPlugin_Lazarus"/>
      </Item1>
      <Item2>
        <PackageName Value="DAV_GUI_Lazarus"/>
      </Item2>
      <Item3>
        <PackageName Value="DAV_DSP_Lazarus"/>
      </Item3>
      <Item4>
        <PackageName Value="DAV_Common_Lazarus"/>
      </Item4>
      <Item5>
        <PackageName Value="ImagesForLazarus"/>
      </Item5>
      <Item6>
        <PackageName Value="LCL"/>
      </Item6>
    </RequiredPackages>
    <Units Count="12">
      <Unit0>
        <Filename Value="TwoBandDistortion.lpr"/>
        <IsPartOfProject Value="True"/>
        <WindowIndex Value="0"/>
        <TopLine Value="1"/>
        <CursorPos X="59" Y="22"/>
        <UsageCount Value="22"/>
      </Unit0>
      <Unit1>
        <Filename Value="TwoBandDistortionDM.pas"/>
        <IsPartOfProject Value="True"/>
        <ComponentName Value="TwoBandDistortionDataModule"/>
        <HasResources Value="True"/>
        <ResourceBaseClass Value="DataModule"/>
        <UnitName Value="TwoBandDistortionDM"/>
        <EditorIndex Value="0"/>
        <WindowIndex Value="0"/>
        <TopLine Value="49"/>
        <CursorPos X="40" Y="67"/>
        <UsageCount Value="22"/>
        <Loaded Value="True"/>
        <LoadedDesigner Value="True"/>
      </Unit1>
      <Unit2>
        <Filename Value="TwoBandDistortionGUI.pas"/>
        <IsPartOfProject Value="True"/>
        <ComponentName Value="FmTwoBandDistortion"/>
        <HasResources Value="True"/>
        <ResourceBaseClass Value="Form"/>
        <UnitName Value="TwoBandDistortionGUI"/>
        <EditorIndex Value="2"/>
        <WindowIndex Value="0"/>
        <TopLine Value="25"/>
        <CursorPos X="12" Y="38"/>
        <UsageCount Value="22"/>
        <Loaded Value="True"/>
        <LoadedDesigner Value="True"/>
      </Unit2>
      <Unit3>
        <Filename Value="..\..\..\Source\GUI\DAV_GuiBaseControl.pas"/>
        <UnitName Value="DAV_GuiBaseControl"/>
        <TopLine Value="307"/>
        <CursorPos X="1" Y="307"/>
        <UsageCount Value="10"/>
      </Unit3>
      <Unit4>
        <Filename Value="..\..\..\Source\GUI\DAV_GuiDial.pas"/>
        <UnitName Value="DAV_GuiDial"/>
        <TopLine Value="900"/>
        <CursorPos X="45" Y="903"/>
        <UsageCount Value="10"/>
      </Unit4>
      <Unit5>
        <Filename Value="..\..\..\Source\DSP\DAV_DspFilterButterworth.pas"/>
        <UnitName Value="DAV_DspFilterButterworth"/>
        <TopLine Value="148"/>
        <CursorPos X="34" Y="175"/>
        <UsageCount Value="10"/>
      </Unit5>
      <Unit6>
        <Filename Value="..\..\..\Source\GUI\DAV_GuiPanel.pas"/>
        <UnitName Value="DAV_GuiPanel"/>
        <TopLine Value="107"/>
        <CursorPos X="10" Y="124"/>
        <UsageCount Value="10"/>
      </Unit6>
      <Unit7>
        <Filename Value="..\..\..\Source\DSP\DAV_DspFftReal2Complex.pas"/>
        <UnitName Value="DAV_DspFftReal2Complex"/>
        <TopLine Value="1798"/>
        <CursorPos X="18" Y="1807"/>
        <UsageCount Value="10"/>
      </Unit7>
      <Unit8>
        <Filename Value="..\..\..\Source\DAV_Approximations.pas"/>
        <UnitName Value="DAV_Approximations"/>
        <EditorIndex Value="3"/>
        <WindowIndex Value="0"/>
        <TopLine Value="1"/>
        <CursorPos X="1" Y="1"/>
        <UsageCount Value="10"/>
        <Loaded Value="True"/>
      </Unit8>
      <Unit9>
        <Filename Value="..\..\..\Source\DSP\DAV_DspFilterLinkwitzRiley.pas"/>
        <UnitName Value="DAV_DspFilterLinkwitzRiley"/>
        <WindowIndex Value="0"/>
        <TopLine Value="24"/>
        <CursorPos X="50" Y="38"/>
        <UsageCount Value="10"/>
      </Unit9>
      <Unit10>
        <Filename Value="TwoBandDistortionGUI.lfm"/>
        <WindowIndex Value="0"/>
        <TopLine Value="1"/>
        <CursorPos X="20" Y="2"/>
        <UsageCount Value="10"/>
        <DefaultSyntaxHighlighter Value="LFM"/>
      </Unit10>
      <Unit11>
        <Filename Value="..\..\..\Source\GUI\DAV_GuiPng.pas"/>
        <UnitName Value="DAV_GuiPng"/>
        <IsVisibleTab Value="True"/>
        <EditorIndex Value="1"/>
        <WindowIndex Value="0"/>
        <TopLine Value="1667"/>
        <CursorPos X="17" Y="1681"/>
        <UsageCount Value="10"/>
        <Loaded Value="True"/>
      </Unit11>
    </Units>
    <JumpHistory Count="7" HistoryIndex="6">
      <Position1>
        <Filename Value="TwoBandDistortionDM.pas"/>
        <Caret Line="235" Column="25" TopLine="222"/>
      </Position1>
      <Position2>
        <Filename Value="TwoBandDistortionDM.pas"/>
        <Caret Line="15" Column="1" TopLine="15"/>
      </Position2>
      <Position3>
        <Filename Value="TwoBandDistortionDM.pas"/>
        <Caret Line="250" Column="1" TopLine="222"/>
      </Position3>
      <Position4>
        <Filename Value="..\..\..\Source\DAV_Approximations.pas"/>
        <Caret Line="1" Column="1" TopLine="1"/>
      </Position4>
      <Position5>
        <Filename Value="TwoBandDistortionDM.pas"/>
        <Caret Line="49" Column="28" TopLine="31"/>
      </Position5>
      <Position6>
        <Filename Value="TwoBandDistortionDM.pas"/>
        <Caret Line="1" Column="1" TopLine="1"/>
      </Position6>
      <Position7>
        <Filename Value="..\..\..\Source\GUI\DAV_GuiPng.pas"/>
        <Caret Line="1" Column="1" TopLine="1"/>
      </Position7>
    </JumpHistory>
  </ProjectOptions>
  <CompilerOptions>
    <Version Value="9"/>
    <PathDelim Value="\"/>
    <SearchPaths>
      <IncludeFiles Value="..\..\..\Source"/>
      <OtherUnitFiles Value="..\..\..\Packages\Lazarus;..\..\..\Source;..\..\..\Source\VST;..\..\..\Source\Math;..\..\..\Source\DSP;..\..\..\Source\GUI;..\..\..\Source\FileFormats"/>
      <UnitOutputDirectory Value="..\..\..\Bin\$(TargetCPU)-$(TargetOS)"/>
    </SearchPaths>
    <Parsing>
      <SyntaxOptions>
        <CStyleOperator Value="False"/>
        <IncludeAssertionCode Value="True"/>
        <CPPInline Value="False"/>
        <UseAnsiStrings Value="False"/>
      </SyntaxOptions>
    </Parsing>
    <CodeGeneration>
      <SmartLinkUnit Value="True"/>
    </CodeGeneration>
    <Linking>
      <Debugging>
        <UseLineInfoUnit Value="False"/>
        <StripSymbols Value="True"/>
      </Debugging>
      <LinkSmart Value="True"/>
      <Options>
        <Win32>
          <GraphicApplication Value="True"/>
        </Win32>
        <ExecutableType Value="Library"/>
      </Options>
    </Linking>
    <Other>
      <CompilerMessages>
        <UseMsgFile Value="True"/>
      </CompilerMessages>
      <CompilerPath Value="$(CompPath)"/>
    </Other>
  </CompilerOptions>
  <Debugging>
    <Exceptions Count="3">
      <Item1>
        <Name Value="EAbort"/>
      </Item1>
      <Item2>
        <Name Value="ECodetoolError"/>
      </Item2>
      <Item3>
        <Name Value="EFOpenError"/>
      </Item3>
    </Exceptions>
  </Debugging>
</CONFIG>
