<?xml version="1.0"?>
<CONFIG>
  <ProjectOptions>
    <PathDelim Value="\"/>
    <Version Value="7"/>
    <General>
      <MainUnit Value="0"/>
      <TargetFileExt Value=".exe"/>
      <Title Value="VST Plugin Preset Designer"/>
      <ResourceType Value="res"/>
      <UseXPManifest Value="True"/>
      <Icon Value="0"/>
      <ActiveWindowIndexAtStart Value="0"/>
    </General>
    <VersionInfo>
      <Language Value=""/>
      <CharSet Value=""/>
      <StringTable Comments="" CompanyName="" FileDescription="" FileVersion="" InternalName="" LegalCopyright="" LegalTrademarks="" OriginalFilename="" ProductName="" ProductVersion=""/>
    </VersionInfo>
    <PublishOptions>
      <Version Value="2"/>
      <IgnoreBinaries Value="False"/>
      <IncludeFileFilter Value="*.(pas|pp|inc|lfm|lpr|lrs|lpi|lpk|sh|xml)"/>
      <ExcludeFileFilter Value="*.(bak|ppu|ppw|o|so);*~;backup"/>
    </PublishOptions>
    <RunParams>
      <local>
        <FormatVersion Value="1"/>
        <LaunchingApplication PathPlusParams="/usr/X11R6/bin/xterm -T 'Lazarus Run Output' -e $(LazarusDir)/tools/runwait.sh $(TargetCmdLine)"/>
      </local>
    </RunParams>
    <RequiredPackages Count="2">
      <Item1>
        <PackageName Value="DAV_VSTHost_Lazarus"/>
      </Item1>
      <Item2>
        <PackageName Value="LCL"/>
      </Item2>
    </RequiredPackages>
    <Units Count="14">
      <Unit0>
        <Filename Value="VstPresetDesigner.lpr"/>
        <IsPartOfProject Value="True"/>
        <EditorIndex Value="7"/>
        <WindowIndex Value="0"/>
        <TopLine Value="1"/>
        <CursorPos X="13" Y="3"/>
        <UsageCount Value="31"/>
        <Loaded Value="True"/>
      </Unit0>
      <Unit1>
        <Filename Value="VpdMain.pas"/>
        <IsPartOfProject Value="True"/>
        <ComponentName Value="FmVstPresetDesigner"/>
        <HasResources Value="True"/>
        <ResourceBaseClass Value="Form"/>
        <UnitName Value="VpdMain"/>
        <EditorIndex Value="0"/>
        <WindowIndex Value="0"/>
        <TopLine Value="20"/>
        <CursorPos X="63" Y="39"/>
        <UsageCount Value="31"/>
        <Loaded Value="True"/>
      </Unit1>
      <Unit2>
        <Filename Value="..\..\..\Packages\Lazarus\DAV_VSTHost_Lazarus.pas"/>
        <UnitName Value="DAV_VSTHost_Lazarus"/>
        <WindowIndex Value="0"/>
        <TopLine Value="1"/>
        <CursorPos X="22" Y="5"/>
        <UsageCount Value="11"/>
      </Unit2>
      <Unit3>
        <Filename Value="..\..\..\Source\VST\DAV_VSTHost.pas"/>
        <UnitName Value="DAV_VSTHost"/>
        <EditorIndex Value="1"/>
        <WindowIndex Value="0"/>
        <TopLine Value="4027"/>
        <CursorPos X="58" Y="4050"/>
        <UsageCount Value="16"/>
        <Bookmarks Count="1">
          <Item0 X="1" Y="2055" ID="2"/>
        </Bookmarks>
        <Loaded Value="True"/>
      </Unit3>
      <Unit4>
        <Filename Value="..\..\..\Source\VST\DAV_VSTEffect.pas"/>
        <UnitName Value="DAV_VSTEffect"/>
        <EditorIndex Value="6"/>
        <WindowIndex Value="0"/>
        <TopLine Value="31"/>
        <CursorPos X="36" Y="50"/>
        <UsageCount Value="16"/>
        <Loaded Value="True"/>
      </Unit4>
      <Unit5>
        <Filename Value="..\..\..\Source\DAV_Types.pas"/>
        <UnitName Value="DAV_Types"/>
        <WindowIndex Value="0"/>
        <TopLine Value="1"/>
        <CursorPos X="1" Y="1"/>
        <UsageCount Value="9"/>
      </Unit5>
      <Unit6>
        <Filename Value="C:\Lazarus\fpc\2.4.1\source\rtl\objpas\sysutils\syspchh.inc"/>
        <WindowIndex Value="0"/>
        <TopLine Value="1"/>
        <CursorPos X="27" Y="46"/>
        <UsageCount Value="9"/>
      </Unit6>
      <Unit7>
        <Filename Value="C:\Lazarus\fpc\2.4.1\source\rtl\objpas\sysutils\sysstrh.inc"/>
        <WindowIndex Value="0"/>
        <TopLine Value="78"/>
        <CursorPos X="17" Y="101"/>
        <UsageCount Value="9"/>
      </Unit7>
      <Unit8>
        <Filename Value="..\..\..\Source\DAV_Compiler.inc"/>
        <EditorIndex Value="8"/>
        <WindowIndex Value="0"/>
        <TopLine Value="1"/>
        <CursorPos X="20" Y="10"/>
        <UsageCount Value="13"/>
        <Loaded Value="True"/>
      </Unit8>
      <Unit9>
        <Filename Value="..\..\..\Source\DAV_CompilerSwitches.inc"/>
        <EditorIndex Value="9"/>
        <WindowIndex Value="0"/>
        <TopLine Value="102"/>
        <CursorPos X="11" Y="104"/>
        <UsageCount Value="13"/>
        <Loaded Value="True"/>
      </Unit9>
      <Unit10>
        <Filename Value="C:\Lazarus\packager\packagesystem.pas"/>
        <UnitName Value="PackageSystem"/>
        <EditorIndex Value="4"/>
        <WindowIndex Value="0"/>
        <TopLine Value="37"/>
        <CursorPos X="3" Y="54"/>
        <UsageCount Value="13"/>
        <Loaded Value="True"/>
      </Unit10>
      <Unit11>
        <Filename Value="C:\Lazarus\lcl\include\icon.inc"/>
        <EditorIndex Value="5"/>
        <WindowIndex Value="0"/>
        <TopLine Value="677"/>
        <CursorPos X="39" Y="693"/>
        <UsageCount Value="13"/>
        <Loaded Value="True"/>
      </Unit11>
      <Unit12>
        <Filename Value="C:\Lazarus\ide\sourceeditor.pp"/>
        <ComponentName Value="SourceNotebook"/>
        <HasResources Value="True"/>
        <ResourceBaseClass Value="Form"/>
        <UnitName Value="SourceEditor"/>
        <EditorIndex Value="2"/>
        <WindowIndex Value="0"/>
        <TopLine Value="74"/>
        <CursorPos X="43" Y="90"/>
        <UsageCount Value="10"/>
        <Loaded Value="True"/>
      </Unit12>
      <Unit13>
        <Filename Value="C:\Lazarus\ide\compileroptions.pp"/>
        <UnitName Value="CompilerOptions"/>
        <IsVisibleTab Value="True"/>
        <EditorIndex Value="3"/>
        <WindowIndex Value="0"/>
        <TopLine Value="4212"/>
        <CursorPos X="3" Y="4228"/>
        <UsageCount Value="10"/>
        <Loaded Value="True"/>
      </Unit13>
    </Units>
    <JumpHistory Count="30" HistoryIndex="29">
      <Position1>
        <Filename Value="..\..\..\Source\VST\DAV_VSTHost.pas"/>
        <Caret Line="410" Column="35" TopLine="393"/>
      </Position1>
      <Position2>
        <Filename Value="..\..\..\Source\VST\DAV_VSTHost.pas"/>
        <Caret Line="459" Column="35" TopLine="442"/>
      </Position2>
      <Position3>
        <Filename Value="..\..\..\Source\VST\DAV_VSTHost.pas"/>
        <Caret Line="964" Column="68" TopLine="947"/>
      </Position3>
      <Position4>
        <Filename Value="VstPresetDesigner.lpr"/>
        <Caret Line="3" Column="13" TopLine="1"/>
      </Position4>
      <Position5>
        <Filename Value="..\..\..\Source\DAV_Compiler.inc"/>
        <Caret Line="10" Column="20" TopLine="1"/>
      </Position5>
      <Position6>
        <Filename Value="..\..\..\Source\VST\DAV_VSTHost.pas"/>
        <Caret Line="3400" Column="1" TopLine="3382"/>
      </Position6>
      <Position7>
        <Filename Value="..\..\..\Source\VST\DAV_VSTHost.pas"/>
        <Caret Line="2" Column="1" TopLine="1"/>
      </Position7>
      <Position8>
        <Filename Value="..\..\..\Source\VST\DAV_VSTHost.pas"/>
        <Caret Line="40" Column="16" TopLine="23"/>
      </Position8>
      <Position9>
        <Filename Value="..\..\..\Source\VST\DAV_VSTHost.pas"/>
        <Caret Line="77" Column="14" TopLine="60"/>
      </Position9>
      <Position10>
        <Filename Value="..\..\..\Source\VST\DAV_VSTHost.pas"/>
        <Caret Line="110" Column="67" TopLine="89"/>
      </Position10>
      <Position11>
        <Filename Value="..\..\..\Source\VST\DAV_VSTHost.pas"/>
        <Caret Line="128" Column="18" TopLine="97"/>
      </Position11>
      <Position12>
        <Filename Value="..\..\..\Source\VST\DAV_VSTHost.pas"/>
        <Caret Line="177" Column="15" TopLine="150"/>
      </Position12>
      <Position13>
        <Filename Value="..\..\..\Source\VST\DAV_VSTHost.pas"/>
        <Caret Line="235" Column="33" TopLine="207"/>
      </Position13>
      <Position14>
        <Filename Value="..\..\..\Source\VST\DAV_VSTHost.pas"/>
        <Caret Line="297" Column="21" TopLine="268"/>
      </Position14>
      <Position15>
        <Filename Value="..\..\..\Source\VST\DAV_VSTHost.pas"/>
        <Caret Line="2039" Column="1" TopLine="2037"/>
      </Position15>
      <Position16>
        <Filename Value="..\..\..\Source\VST\DAV_VSTHost.pas"/>
        <Caret Line="1" Column="1" TopLine="1"/>
      </Position16>
      <Position17>
        <Filename Value="..\..\..\Source\VST\DAV_VSTHost.pas"/>
        <Caret Line="60" Column="17" TopLine="43"/>
      </Position17>
      <Position18>
        <Filename Value="..\..\..\Source\VST\DAV_VSTHost.pas"/>
        <Caret Line="692" Column="18" TopLine="675"/>
      </Position18>
      <Position19>
        <Filename Value="..\..\..\Source\VST\DAV_VSTHost.pas"/>
        <Caret Line="705" Column="16" TopLine="675"/>
      </Position19>
      <Position20>
        <Filename Value="..\..\..\Source\VST\DAV_VSTHost.pas"/>
        <Caret Line="711" Column="33" TopLine="694"/>
      </Position20>
      <Position21>
        <Filename Value="..\..\..\Source\VST\DAV_VSTHost.pas"/>
        <Caret Line="2007" Column="60" TopLine="2000"/>
      </Position21>
      <Position22>
        <Filename Value="C:\Lazarus\packager\packagesystem.pas"/>
        <Caret Line="1" Column="1" TopLine="1"/>
      </Position22>
      <Position23>
        <Filename Value="C:\Lazarus\packager\packagesystem.pas"/>
        <Caret Line="55" Column="41" TopLine="37"/>
      </Position23>
      <Position24>
        <Filename Value="C:\Lazarus\packager\packagesystem.pas"/>
        <Caret Line="53" Column="6" TopLine="37"/>
      </Position24>
      <Position25>
        <Filename Value="C:\Lazarus\packager\packagesystem.pas"/>
        <Caret Line="49" Column="24" TopLine="1"/>
      </Position25>
      <Position26>
        <Filename Value="C:\Lazarus\lcl\include\icon.inc"/>
        <Caret Line="1" Column="1" TopLine="1"/>
      </Position26>
      <Position27>
        <Filename Value="..\..\..\Source\VST\DAV_VSTHost.pas"/>
        <Caret Line="59" Column="3" TopLine="49"/>
      </Position27>
      <Position28>
        <Filename Value="..\..\..\Source\VST\DAV_VSTHost.pas"/>
        <Caret Line="4044" Column="1" TopLine="4027"/>
      </Position28>
      <Position29>
        <Filename Value="C:\Lazarus\ide\sourceeditor.pp"/>
        <Caret Line="1" Column="1" TopLine="1"/>
      </Position29>
      <Position30>
        <Filename Value="C:\Lazarus\ide\compileroptions.pp"/>
        <Caret Line="1" Column="1" TopLine="1"/>
      </Position30>
    </JumpHistory>
  </ProjectOptions>
  <CompilerOptions>
    <Version Value="8"/>
    <PathDelim Value="\"/>
    <SearchPaths>
      <IncludeFiles Value="..\..\..\Source\"/>
      <OtherUnitFiles Value="..\..\..\Source\;..\..\..\Source\VST\"/>
      <UnitOutputDirectory Value="..\..\..\Bin\$(TargetCPU)-$(TargetOS)"/>
      <SrcPath Value="..\..\..\Source\;..\..\..\Source\VST\"/>
    </SearchPaths>
    <Parsing>
      <SyntaxOptions>
        <UseAnsiStrings Value="True"/>
      </SyntaxOptions>
    </Parsing>
    <CodeGeneration>
      <SmartLinkUnit Value="True"/>
    </CodeGeneration>
    <Linking>
      <Debugging>
        <UseLineInfoUnit Value="False"/>
        <StripSymbols Value="True"/>
      </Debugging>
      <LinkSmart Value="True"/>
      <Options>
        <Win32>
          <GraphicApplication Value="True"/>
        </Win32>
      </Options>
    </Linking>
    <Other>
      <CompilerMessages>
        <UseMsgFile Value="True"/>
      </CompilerMessages>
      <CompilerPath Value="$(CompPath)"/>
    </Other>
  </CompilerOptions>
  <Debugging>
    <Exceptions Count="3">
      <Item1>
        <Name Value="EAbort"/>
      </Item1>
      <Item2>
        <Name Value="ECodetoolError"/>
      </Item2>
      <Item3>
        <Name Value="EFOpenError"/>
      </Item3>
    </Exceptions>
  </Debugging>
</CONFIG>
