<?xml version="1.0"?>
<CONFIG>
  <ProjectOptions>
    <PathDelim Value="\"/>
    <Version Value="5"/>
    <General>
      <MainUnit Value="0"/>
      <IconPath Value="./"/>
      <TargetFileExt Value=".exe"/>
      <ActiveEditorIndexAtStart Value="0"/>
    </General>
    <VersionInfo>
      <ProjectVersion Value=""/>
      <Language Value=""/>
      <CharSet Value=""/>
    </VersionInfo>
    <PublishOptions>
      <Version Value="2"/>
      <IgnoreBinaries Value="False"/>
      <IncludeFileFilter Value="*.(pas|pp|inc|lfm|lpr|lrs|lpi|lpk|sh|xml)"/>
      <ExcludeFileFilter Value="*.(bak|ppu|ppw|o|so);*~;backup"/>
    </PublishOptions>
    <RunParams>
      <local>
        <FormatVersion Value="1"/>
        <LaunchingApplication PathPlusParams="/usr/X11R6/bin/xterm -T 'Lazarus Run Output' -e $(LazarusDir)/tools/runwait.sh $(TargetCmdLine)"/>
      </local>
    </RunParams>
    <RequiredPackages Count="3">
      <Item1>
        <PackageName Value="LCL"/>
      </Item1>
      <Item2>
        <PackageName Value="HostVSTLaz"/>
        <MinVersion Minor="2" Valid="True"/>
      </Item2>
      <Item3>
        <PackageName Value="HostASIOLaz"/>
        <MinVersion Minor="2" Valid="True"/>
      </Item3>
    </RequiredPackages>
    <Units Count="10">
      <Unit0>
        <Filename Value="MiniHost.lpr"/>
        <IsPartOfProject Value="True"/>
        <CursorPos X="1" Y="14"/>
        <TopLine Value="1"/>
        <UsageCount Value="20"/>
      </Unit0>
      <Unit1>
        <Filename Value="MiniHostForm.pas"/>
        <ComponentName Value="FmMiniHost"/>
        <HasResources Value="True"/>
        <IsPartOfProject Value="True"/>
        <ResourceFilename Value="MiniHostForm.lrs"/>
        <UnitName Value="MiniHostForm"/>
        <CursorPos X="18" Y="2158"/>
        <TopLine Value="2143"/>
        <EditorIndex Value="0"/>
        <UsageCount Value="20"/>
        <Loaded Value="True"/>
      </Unit1>
      <Unit2>
        <Filename Value="OptionsForm.pas"/>
        <ComponentName Value="Options"/>
        <HasResources Value="True"/>
        <IsPartOfProject Value="True"/>
        <ResourceFilename Value="OptionsForm.lrs"/>
        <UnitName Value="OptionsForm"/>
        <CursorPos X="1" Y="22"/>
        <TopLine Value="22"/>
        <UsageCount Value="20"/>
      </Unit2>
      <Unit3>
        <Filename Value="AboutForm.pas"/>
        <ComponentName Value="about"/>
        <HasResources Value="True"/>
        <IsPartOfProject Value="True"/>
        <ResourceFilename Value="AboutForm.lrs"/>
        <UnitName Value="AboutForm"/>
        <CursorPos X="1" Y="80"/>
        <TopLine Value="41"/>
        <UsageCount Value="20"/>
      </Unit3>
      <Unit4>
        <Filename Value="PlayerForm.pas"/>
        <ComponentName Value="Player"/>
        <HasResources Value="True"/>
        <IsPartOfProject Value="True"/>
        <ResourceFilename Value="PlayerForm.lrs"/>
        <UnitName Value="PlayerForm"/>
        <CursorPos X="1" Y="1"/>
        <TopLine Value="1"/>
        <UsageCount Value="20"/>
      </Unit4>
      <Unit5>
        <Filename Value="..\..\..\..\..\..\Programme\Lazarus\lcl\interfaces\win32\interfaces.pp"/>
        <UnitName Value="Interfaces"/>
        <CursorPos X="1" Y="45"/>
        <TopLine Value="3"/>
        <UsageCount Value="10"/>
      </Unit5>
      <Unit6>
        <Filename Value="..\..\..\Source\DVSTHost.pas"/>
        <UnitName Value="DVSTHost"/>
        <CursorPos X="50" Y="13"/>
        <TopLine Value="1"/>
        <UsageCount Value="10"/>
      </Unit6>
      <Unit7>
        <Filename Value="..\..\..\Source\DAVDCommon.pas"/>
        <UnitName Value="DAVDCommon"/>
        <CursorPos X="20" Y="36"/>
        <TopLine Value="1"/>
        <UsageCount Value="10"/>
      </Unit7>
      <Unit8>
        <Filename Value="..\..\..\Source\WaveIOX.pas"/>
        <UnitName Value="WaveIOX"/>
        <CursorPos X="9" Y="29"/>
        <TopLine Value="1"/>
        <UsageCount Value="10"/>
      </Unit8>
      <Unit9>
        <Filename Value="..\..\..\Source\MIDI.pas"/>
        <UnitName Value="Midi"/>
        <CursorPos X="39" Y="326"/>
        <TopLine Value="257"/>
        <EditorIndex Value="1"/>
        <UsageCount Value="10"/>
        <Loaded Value="True"/>
      </Unit9>
    </Units>
    <JumpHistory Count="0" HistoryIndex="-1"/>
  </ProjectOptions>
  <CompilerOptions>
    <Version Value="5"/>
    <PathDelim Value="\"/>
    <SearchPaths>
      <IncludeFiles Value="..\..\..\Lazarus\"/>
      <OtherUnitFiles Value="..\..\..\Source\;..\..\..\Lazarus\"/>
      <SrcPath Value="..\..\..\Source\"/>
    </SearchPaths>
    <CodeGeneration>
      <SmartLinkUnit Value="True"/>
      <Generate Value="Faster"/>
    </CodeGeneration>
    <Linking>
      <Debugging>
        <UseLineInfoUnit Value="False"/>
        <StripSymbols Value="True"/>
      </Debugging>
      <LinkSmart Value="True"/>
      <Options>
        <Win32>
          <GraphicApplication Value="True"/>
        </Win32>
      </Options>
    </Linking>
    <Other>
      <CompilerPath Value="$(CompPath)"/>
    </Other>
  </CompilerOptions>
  <Debugging>
    <Exceptions Count="2">
      <Item1>
        <Name Value="ECodetoolError"/>
      </Item1>
      <Item2>
        <Name Value="EFOpenError"/>
      </Item2>
    </Exceptions>
  </Debugging>
</CONFIG>
