<?xml version="1.0"?>
<CONFIG>
  <ProjectOptions>
    <Version Value="9"/>
    <PathDelim Value="\"/>
    <General>
      <Flags>
        <MainUnitHasCreateFormStatements Value="False"/>
        <MainUnitHasTitleStatement Value="False"/>
        <LRSInOutputDirectory Value="False"/>
      </Flags>
      <MainUnit Value="0"/>
      <UseAppBundle Value="False"/>
      <ResourceType Value="res"/>
      <ActiveWindowIndexAtStart Value="0"/>
    </General>
    <i18n>
      <EnableI18N LFM="False"/>
    </i18n>
    <VersionInfo>
      <StringTable ProductVersion=""/>
    </VersionInfo>
    <BuildModes Count="2" Active="Debug">
      <Item1 Name="Release" Default="True"/>
      <Item2 Name="Debug">
        <CompilerOptions>
          <Version Value="10"/>
          <PathDelim Value="\"/>
          <Target>
            <Filename Value="..\..\..\Bin\VST\64-Bit\ReverseVerb (x64).dll"/>
          </Target>
          <SearchPaths>
            <IncludeFiles Value="..\..\..\Source"/>
            <OtherUnitFiles Value="..\..\..\Source;..\..\..\Source\VST;..\..\..\Source\Math;..\..\..\Source\DSP;..\..\..\Source\GUI;..\..\..\Source\FileFormats"/>
            <UnitOutputDirectory Value="..\..\..\Precompiles\$(TargetCPU)-$(TargetOS)"/>
          </SearchPaths>
          <Parsing>
            <SyntaxOptions>
              <CStyleOperator Value="False"/>
              <IncludeAssertionCode Value="True"/>
              <CPPInline Value="False"/>
            </SyntaxOptions>
          </Parsing>
          <CodeGeneration>
            <SmartLinkUnit Value="True"/>
          </CodeGeneration>
          <Linking>
            <Debugging>
              <GenerateDebugInfo Value="True"/>
            </Debugging>
            <LinkSmart Value="True"/>
            <Options>
              <Win32>
                <GraphicApplication Value="True"/>
              </Win32>
              <ExecutableType Value="Library"/>
            </Options>
          </Linking>
          <Other>
            <CompilerMessages>
              <UseMsgFile Value="True"/>
            </CompilerMessages>
            <CompilerPath Value="$(CompPath)"/>
          </Other>
        </CompilerOptions>
      </Item2>
    </BuildModes>
    <PublishOptions>
      <Version Value="2"/>
      <IncludeFileFilter Value="*.(pas|pp|inc|lfm|lpr|lrs|lpi|lpk|sh|xml)"/>
      <ExcludeFileFilter Value="*.(bak|ppu|o|so);*~;backup"/>
    </PublishOptions>
    <RunParams>
      <local>
        <FormatVersion Value="1"/>
        <HostApplicationFilename Value="C:\Users\Public\Code\VSTPack\Bin\VST\64-Bit\VST-Plugin Unit Test (x64).exe"/>
        <CommandLineParams Value="&quot;ReverseVerb (x64).dll&quot;"/>
      </local>
    </RunParams>
    <RequiredPackages Count="5">
      <Item1>
        <PackageName Value="LCL"/>
      </Item1>
      <Item2>
        <PackageName Value="DAV_Common_Lazarus"/>
      </Item2>
      <Item3>
        <PackageName Value="DAV_GUI_Lazarus"/>
      </Item3>
      <Item4>
        <PackageName Value="DAV_DSP_Lazarus"/>
      </Item4>
      <Item5>
        <PackageName Value="DAV_VSTPlugin_Lazarus"/>
      </Item5>
    </RequiredPackages>
    <Units Count="15">
      <Unit0>
        <Filename Value="ReverseVerb.lpr"/>
        <IsPartOfProject Value="True"/>
        <EditorIndex Value="4"/>
        <WindowIndex Value="0"/>
        <TopLine Value="4"/>
        <CursorPos X="9" Y="18"/>
        <UsageCount Value="22"/>
        <Loaded Value="True"/>
      </Unit0>
      <Unit1>
        <Filename Value="ReverseVerbDM.pas"/>
        <HasResources Value="True"/>
        <UnitName Value="ReverseVerbDM"/>
        <WindowIndex Value="0"/>
        <TopLine Value="88"/>
        <CursorPos X="3" Y="105"/>
        <UsageCount Value="20"/>
      </Unit1>
      <Unit2>
        <Filename Value="ReverseVerbGUI.pas"/>
        <IsPartOfProject Value="True"/>
        <HasResources Value="True"/>
        <UnitName Value="ReverseVerbGUI"/>
        <EditorIndex Value="1"/>
        <WindowIndex Value="0"/>
        <TopLine Value="132"/>
        <CursorPos X="26" Y="148"/>
        <UsageCount Value="22"/>
        <Loaded Value="True"/>
      </Unit2>
      <Unit3>
        <Filename Value="../\Oversampled Tanh\ConverterBackup\DAV_WinAmp.pas"/>
        <UsageCount Value="20"/>
      </Unit3>
      <Unit4>
        <Filename Value="ReverseVerbVST.pas"/>
        <IsPartOfProject Value="True"/>
        <ComponentName Value="ReverseVerbDataModule"/>
        <HasResources Value="True"/>
        <ResourceBaseClass Value="DataModule"/>
        <UnitName Value="ReverseVerbVST"/>
        <EditorIndex Value="0"/>
        <WindowIndex Value="0"/>
        <TopLine Value="33"/>
        <CursorPos X="55" Y="40"/>
        <UsageCount Value="22"/>
        <Loaded Value="True"/>
        <LoadedDesigner Value="True"/>
      </Unit4>
      <Unit5>
        <Filename Value="..\..\..\Packages\Lazarus\DAV_DSP_Lazarus.pas"/>
        <UnitName Value="DAV_DSP_Lazarus"/>
        <WindowIndex Value="0"/>
        <TopLine Value="1"/>
        <CursorPos X="58" Y="17"/>
        <UsageCount Value="10"/>
        <DefaultSyntaxHighlighter Value="Delphi"/>
      </Unit5>
      <Unit6>
        <Filename Value="..\..\..\Source\GUI\DAV_GuiPngCoder.pas"/>
        <UnitName Value="DAV_GuiPngCoder"/>
        <WindowIndex Value="0"/>
        <TopLine Value="643"/>
        <CursorPos X="6" Y="662"/>
        <UsageCount Value="10"/>
        <Bookmarks Count="1">
          <Item0 X="59" Y="643" ID="3"/>
        </Bookmarks>
      </Unit6>
      <Unit7>
        <Filename Value="..\..\..\Source\DAV_Compiler.inc"/>
        <WindowIndex Value="0"/>
        <TopLine Value="1"/>
        <CursorPos X="20" Y="10"/>
        <UsageCount Value="10"/>
      </Unit7>
      <Unit8>
        <Filename Value="..\..\..\Source\DSP\DAV_DspAnalogueFilterPrototypes.pas"/>
        <UnitName Value="DAV_DspAnalogueFilterPrototypes"/>
        <WindowIndex Value="0"/>
        <TopLine Value="12"/>
        <CursorPos X="66" Y="28"/>
        <UsageCount Value="10"/>
      </Unit8>
      <Unit9>
        <Filename Value="..\..\..\Source\DSP\DAV_DspFilterSimple.pas"/>
        <UnitName Value="DAV_DspFilterSimple"/>
        <WindowIndex Value="0"/>
        <TopLine Value="148"/>
        <CursorPos X="3" Y="148"/>
        <UsageCount Value="10"/>
      </Unit9>
      <Unit10>
        <Filename Value="..\..\..\Source\DSP\DAV_DspConvolution.pas"/>
        <UnitName Value="DAV_DspConvolution"/>
        <EditorIndex Value="2"/>
        <WindowIndex Value="0"/>
        <TopLine Value="19"/>
        <CursorPos X="55" Y="38"/>
        <UsageCount Value="10"/>
        <Loaded Value="True"/>
      </Unit10>
      <Unit11>
        <Filename Value="..\..\..\Source\DAV_CompilerSwitches.inc"/>
        <WindowIndex Value="0"/>
        <TopLine Value="157"/>
        <CursorPos X="28" Y="189"/>
        <UsageCount Value="10"/>
      </Unit11>
      <Unit12>
        <Filename Value="..\..\..\Source\DSP\DAV_DspFftReal2Complex.pas"/>
        <UnitName Value="DAV_DspFftReal2Complex"/>
        <EditorIndex Value="3"/>
        <WindowIndex Value="0"/>
        <TopLine Value="1570"/>
        <CursorPos X="19" Y="1588"/>
        <UsageCount Value="10"/>
        <Loaded Value="True"/>
      </Unit12>
      <Unit13>
        <Filename Value="..\..\..\Source\DSP\DAV_DspFilterButterworth.pas"/>
        <UnitName Value="DAV_DspFilterButterworth"/>
        <EditorIndex Value="5"/>
        <WindowIndex Value="0"/>
        <TopLine Value="163"/>
        <CursorPos X="3" Y="179"/>
        <UsageCount Value="10"/>
        <Loaded Value="True"/>
      </Unit13>
      <Unit14>
        <Filename Value="..\..\..\Source\DAV_BlockProcessing.pas"/>
        <UnitName Value="DAV_BlockProcessing"/>
        <IsVisibleTab Value="True"/>
        <EditorIndex Value="6"/>
        <WindowIndex Value="0"/>
        <TopLine Value="100"/>
        <CursorPos X="22" Y="115"/>
        <UsageCount Value="10"/>
        <Loaded Value="True"/>
      </Unit14>
    </Units>
    <JumpHistory Count="10" HistoryIndex="9">
      <Position1>
        <Filename Value="ReverseVerbVST.pas"/>
        <Caret Line="1" Column="1" TopLine="1"/>
      </Position1>
      <Position2>
        <Filename Value="ReverseVerbVST.pas"/>
        <Caret Line="322" Column="25" TopLine="305"/>
      </Position2>
      <Position3>
        <Filename Value="ReverseVerbVST.pas"/>
        <Caret Line="831" Column="23" TopLine="637"/>
      </Position3>
      <Position4>
        <Filename Value="ReverseVerbVST.pas"/>
        <Caret Line="134" Column="28" TopLine="118"/>
      </Position4>
      <Position5>
        <Filename Value="ReverseVerbVST.pas"/>
        <Caret Line="41" Column="48" TopLine="24"/>
      </Position5>
      <Position6>
        <Filename Value="ReverseVerbVST.pas"/>
        <Caret Line="154" Column="54" TopLine="140"/>
      </Position6>
      <Position7>
        <Filename Value="ReverseVerbVST.pas"/>
        <Caret Line="40" Column="55" TopLine="33"/>
      </Position7>
      <Position8>
        <Filename Value="..\..\..\Source\DSP\DAV_DspConvolution.pas"/>
        <Caret Line="38" Column="55" TopLine="19"/>
      </Position8>
      <Position9>
        <Filename Value="..\..\..\Source\DSP\DAV_DspFilterButterworth.pas"/>
        <Caret Line="1" Column="1" TopLine="1"/>
      </Position9>
      <Position10>
        <Filename Value="..\..\..\Source\DAV_BlockProcessing.pas"/>
        <Caret Line="1" Column="1" TopLine="1"/>
      </Position10>
    </JumpHistory>
  </ProjectOptions>
  <CompilerOptions>
    <Version Value="10"/>
    <PathDelim Value="\"/>
    <Target>
      <Filename Value="..\..\..\Bin\VST\64-Bit\ReverseVerb (x64).dll"/>
    </Target>
    <SearchPaths>
      <IncludeFiles Value="..\..\..\Source"/>
      <OtherUnitFiles Value="..\..\..\Source;..\..\..\Source\VST;..\..\..\Source\Math;..\..\..\Source\DSP;..\..\..\Source\GUI;..\..\..\Source\FileFormats"/>
      <UnitOutputDirectory Value="..\..\..\Precompiles\$(TargetCPU)-$(TargetOS)"/>
    </SearchPaths>
    <Parsing>
      <SyntaxOptions>
        <CStyleOperator Value="False"/>
      </SyntaxOptions>
    </Parsing>
    <CodeGeneration>
      <SmartLinkUnit Value="True"/>
    </CodeGeneration>
    <Linking>
      <Debugging>
        <UseLineInfoUnit Value="False"/>
        <StripSymbols Value="True"/>
      </Debugging>
      <LinkSmart Value="True"/>
      <Options>
        <Win32>
          <GraphicApplication Value="True"/>
        </Win32>
        <ExecutableType Value="Library"/>
      </Options>
    </Linking>
    <Other>
      <Verbosity>
        <ShowHints Value="False"/>
      </Verbosity>
      <CompilerMessages>
        <UseMsgFile Value="True"/>
      </CompilerMessages>
      <CompilerPath Value="$(CompPath)"/>
    </Other>
  </CompilerOptions>
  <Debugging>
    <BreakPoints Count="8">
      <Item1>
        <Kind Value="bpkSource"/>
        <Source Value="ReverseVerbVST.pas"/>
        <Line Value="168"/>
      </Item1>
      <Item2>
        <Kind Value="bpkSource"/>
        <Source Value="ReverseVerbVST.pas"/>
        <Line Value="185"/>
      </Item2>
      <Item3>
        <Kind Value="bpkSource"/>
        <Source Value="ReverseVerb.lpr"/>
        <Line Value="22"/>
      </Item3>
      <Item4>
        <Kind Value="bpkSource"/>
        <Source Value="ReverseVerb.lpr"/>
        <Line Value="28"/>
      </Item4>
      <Item5>
        <Kind Value="bpkSource"/>
        <Source Value="ReverseVerbVST.pas"/>
        <Line Value="142"/>
      </Item5>
      <Item6>
        <Kind Value="bpkSource"/>
        <Source Value="ReverseVerbVST.pas"/>
        <Line Value="143"/>
      </Item6>
      <Item7>
        <Kind Value="bpkSource"/>
        <Source Value="ReverseVerb.lpr"/>
        <Line Value="47"/>
      </Item7>
      <Item8>
        <Kind Value="bpkSource"/>
        <Source Value="..\..\..\Source\DSP\DAV_DspFftReal2Complex.pas"/>
        <Line Value="1592"/>
      </Item8>
    </BreakPoints>
    <Exceptions Count="3">
      <Item1>
        <Name Value="EAbort"/>
      </Item1>
      <Item2>
        <Name Value="ECodetoolError"/>
      </Item2>
      <Item3>
        <Name Value="EFOpenError"/>
      </Item3>
    </Exceptions>
  </Debugging>
</CONFIG>
