<?xml version="1.0"?>
<CONFIG>
  <ProjectOptions>
    <Version Value="9"/>
    <PathDelim Value="\"/>
    <General>
      <Flags>
        <MainUnitHasCreateFormStatements Value="False"/>
        <MainUnitHasTitleStatement Value="False"/>
      </Flags>
      <MainUnit Value="0"/>
      <ResourceType Value="res"/>
      <UseXPManifest Value="True"/>
      <ActiveWindowIndexAtStart Value="0"/>
    </General>
    <i18n>
      <EnableI18N LFM="False"/>
    </i18n>
    <VersionInfo>
      <StringTable ProductVersion=""/>
    </VersionInfo>
    <BuildModes Count="2" Active="Release">
      <Item1 Name="Release" Default="True"/>
      <Item2 Name="Debug">
        <CompilerOptions>
          <Version Value="10"/>
          <PathDelim Value="\"/>
          <Target>
            <Filename Value="..\..\..\..\Bin\VST\64-Bit\"/>
          </Target>
          <SearchPaths>
            <IncludeFiles Value="..\..\..\..\Source;$(ProjOutDir)"/>
            <OtherUnitFiles Value="..\..\..\..\Source;..\..\..\..\Source\VST;..\..\..\..\Source\DSP;..\..\..\..\Source\Math;..\..\..\..\Source\GUI;..\..\..\..\Source\FileFormats"/>
            <UnitOutputDirectory Value="..\..\..\..\Precompiles\$(TargetCPU)-$(TargetOS)"/>
          </SearchPaths>
          <Parsing>
            <SyntaxOptions>
              <SyntaxMode Value="Delphi"/>
              <CStyleOperator Value="False"/>
              <IncludeAssertionCode Value="True"/>
              <CPPInline Value="False"/>
            </SyntaxOptions>
          </Parsing>
          <CodeGeneration>
            <SmartLinkUnit Value="True"/>
          </CodeGeneration>
          <Linking>
            <Debugging>
              <GenerateDebugInfo Value="True"/>
            </Debugging>
            <LinkSmart Value="True"/>
            <Options>
              <Win32>
                <GraphicApplication Value="True"/>
              </Win32>
              <ExecutableType Value="Library"/>
            </Options>
          </Linking>
          <Other>
            <CompilerMessages>
              <UseMsgFile Value="True"/>
            </CompilerMessages>
            <CompilerPath Value="$(CompPath)"/>
          </Other>
        </CompilerOptions>
      </Item2>
    </BuildModes>
    <PublishOptions>
      <Version Value="2"/>
      <IncludeFileFilter Value="*.(pas|pp|inc|lfm|lpr|lrs|lpi|lpk|sh|xml)"/>
      <ExcludeFileFilter Value="*.(bak|ppu|o|so);*~;backup"/>
    </PublishOptions>
    <RunParams>
      <local>
        <FormatVersion Value="1"/>
      </local>
    </RunParams>
    <RequiredPackages Count="5">
      <Item1>
        <PackageName Value="DAV_VSTPlugin_Lazarus"/>
      </Item1>
      <Item2>
        <PackageName Value="DAV_DSP_Lazarus"/>
      </Item2>
      <Item3>
        <PackageName Value="DAV_Common_Lazarus"/>
      </Item3>
      <Item4>
        <PackageName Value="LCL"/>
      </Item4>
      <Item5>
        <PackageName Value="DAV_GUI_Lazarus"/>
      </Item5>
    </RequiredPackages>
    <Units Count="12">
      <Unit0>
        <Filename Value="NoiseReduction.lpr"/>
        <IsPartOfProject Value="True"/>
        <EditorIndex Value="0"/>
        <WindowIndex Value="0"/>
        <TopLine Value="1"/>
        <CursorPos X="30" Y="18"/>
        <UsageCount Value="21"/>
        <Loaded Value="True"/>
        <DefaultSyntaxHighlighter Value="Delphi"/>
      </Unit0>
      <Unit1>
        <Filename Value="NoiseReductionDM.pas"/>
        <IsPartOfProject Value="True"/>
        <HasResources Value="True"/>
        <UnitName Value="NoiseReductionDM"/>
        <EditorIndex Value="1"/>
        <WindowIndex Value="0"/>
        <TopLine Value="37"/>
        <CursorPos X="60" Y="53"/>
        <UsageCount Value="21"/>
        <Loaded Value="True"/>
        <DefaultSyntaxHighlighter Value="Delphi"/>
      </Unit1>
      <Unit2>
        <Filename Value="NoiseReductionGui.pas"/>
        <IsPartOfProject Value="True"/>
        <HasResources Value="True"/>
        <UnitName Value="NoiseReductionGui"/>
        <EditorIndex Value="2"/>
        <WindowIndex Value="0"/>
        <TopLine Value="21"/>
        <CursorPos X="71" Y="38"/>
        <UsageCount Value="21"/>
        <Loaded Value="True"/>
        <DefaultSyntaxHighlighter Value="Delphi"/>
      </Unit2>
      <Unit3>
        <Filename Value="..\..\..\..\Source\FileFormats\DAV_ChunkClasses.pas"/>
        <UnitName Value="DAV_ChunkClasses"/>
        <WindowIndex Value="0"/>
        <TopLine Value="863"/>
        <CursorPos X="58" Y="883"/>
        <UsageCount Value="10"/>
        <DefaultSyntaxHighlighter Value="Delphi"/>
      </Unit3>
      <Unit4>
        <Filename Value="..\..\..\..\Source\GUI\DAV_GuiPixelMap.pas"/>
        <UnitName Value="DAV_GuiPixelMap"/>
        <WindowIndex Value="0"/>
        <TopLine Value="90"/>
        <CursorPos X="77" Y="107"/>
        <UsageCount Value="10"/>
        <DefaultSyntaxHighlighter Value="Delphi"/>
      </Unit4>
      <Unit5>
        <Filename Value="..\..\..\..\Source\DAV_ProcessorInfo.pas"/>
        <UnitName Value="DAV_ProcessorInfo"/>
        <WindowIndex Value="0"/>
        <TopLine Value="1067"/>
        <CursorPos X="4" Y="1083"/>
        <UsageCount Value="10"/>
        <DefaultSyntaxHighlighter Value="Delphi"/>
      </Unit5>
      <Unit6>
        <Filename Value="..\..\..\..\Source\DSP\DAV_DspDynamics.pas"/>
        <UnitName Value="DAV_DspDynamics"/>
        <WindowIndex Value="0"/>
        <TopLine Value="2153"/>
        <CursorPos X="47" Y="2169"/>
        <UsageCount Value="10"/>
        <DefaultSyntaxHighlighter Value="Delphi"/>
      </Unit6>
      <Unit7>
        <Filename Value="..\..\..\..\Source\DSP\DAV_DspFilterButterworth.pas"/>
        <UnitName Value="DAV_DspFilterButterworth"/>
        <WindowIndex Value="0"/>
        <TopLine Value="1234"/>
        <CursorPos X="44" Y="1250"/>
        <UsageCount Value="10"/>
        <DefaultSyntaxHighlighter Value="Delphi"/>
      </Unit7>
      <Unit8>
        <Filename Value="..\..\..\..\Source\DSP\DAV_DspDelayLines.pas"/>
        <UnitName Value="DAV_DspDelayLines"/>
        <WindowIndex Value="0"/>
        <TopLine Value="541"/>
        <CursorPos X="15" Y="557"/>
        <UsageCount Value="10"/>
        <DefaultSyntaxHighlighter Value="Delphi"/>
      </Unit8>
      <Unit9>
        <Filename Value="..\..\..\..\Source\DSP\DAV_DspInterpolation.pas"/>
        <UnitName Value="DAV_DspInterpolation"/>
        <WindowIndex Value="0"/>
        <TopLine Value="213"/>
        <CursorPos X="72" Y="223"/>
        <UsageCount Value="10"/>
        <Bookmarks Count="1">
          <Item0 X="57" Y="189" ID="3"/>
        </Bookmarks>
        <DefaultSyntaxHighlighter Value="Delphi"/>
      </Unit9>
      <Unit10>
        <Filename Value="..\..\..\..\Source\GUI\DAV_GuiFont.pas"/>
        <UnitName Value="DAV_GuiFont"/>
        <IsVisibleTab Value="True"/>
        <EditorIndex Value="3"/>
        <WindowIndex Value="0"/>
        <TopLine Value="670"/>
        <CursorPos X="4" Y="672"/>
        <UsageCount Value="10"/>
        <Loaded Value="True"/>
        <DefaultSyntaxHighlighter Value="Delphi"/>
      </Unit10>
      <Unit11>
        <Filename Value="C:\Lazarus\lcl\graphics.pp"/>
        <UnitName Value="Graphics"/>
        <EditorIndex Value="4"/>
        <WindowIndex Value="0"/>
        <TopLine Value="523"/>
        <CursorPos X="14" Y="539"/>
        <UsageCount Value="10"/>
        <Loaded Value="True"/>
      </Unit11>
    </Units>
    <JumpHistory Count="11" HistoryIndex="10">
      <Position1>
        <Filename Value="NoiseReductionDM.pas"/>
        <Caret Line="1" Column="1" TopLine="1"/>
      </Position1>
      <Position2>
        <Filename Value="NoiseReductionDM.pas"/>
        <Caret Line="83" Column="36" TopLine="68"/>
      </Position2>
      <Position3>
        <Filename Value="NoiseReductionDM.pas"/>
        <Caret Line="38" Column="58" TopLine="22"/>
      </Position3>
      <Position4>
        <Filename Value="NoiseReductionDM.pas"/>
        <Caret Line="105" Column="3" TopLine="102"/>
      </Position4>
      <Position5>
        <Filename Value="NoiseReductionDM.pas"/>
        <Caret Line="40" Column="56" TopLine="25"/>
      </Position5>
      <Position6>
        <Filename Value="NoiseReductionDM.pas"/>
        <Caret Line="84" Column="13" TopLine="68"/>
      </Position6>
      <Position7>
        <Filename Value="NoiseReductionGui.pas"/>
        <Caret Line="36" Column="61" TopLine="10"/>
      </Position7>
      <Position8>
        <Filename Value="NoiseReductionGui.pas"/>
        <Caret Line="95" Column="3" TopLine="79"/>
      </Position8>
      <Position9>
        <Filename Value="NoiseReductionGui.pas"/>
        <Caret Line="40" Column="46" TopLine="24"/>
      </Position9>
      <Position10>
        <Filename Value="..\..\..\..\Source\GUI\DAV_GuiFont.pas"/>
        <Caret Line="1" Column="1" TopLine="1"/>
      </Position10>
      <Position11>
        <Filename Value="..\..\..\..\Source\GUI\DAV_GuiFont.pas"/>
        <Caret Line="686" Column="34" TopLine="670"/>
      </Position11>
    </JumpHistory>
  </ProjectOptions>
  <CompilerOptions>
    <Version Value="10"/>
    <PathDelim Value="\"/>
    <Target>
      <Filename Value="..\..\..\..\Bin\VST\64-Bit\Noise Reduction (x64).dll"/>
    </Target>
    <SearchPaths>
      <IncludeFiles Value="..\..\..\..\Source;$(ProjOutDir)"/>
      <OtherUnitFiles Value="..\..\..\..\Source;..\..\..\..\Source\VST;..\..\..\..\Source\DSP;..\..\..\..\Source\Math;..\..\..\..\Source\GUI;..\..\..\..\Source\FileFormats"/>
      <UnitOutputDirectory Value="..\..\..\..\Precompiles\$(TargetCPU)-$(TargetOS)"/>
    </SearchPaths>
    <Parsing>
      <SyntaxOptions>
        <SyntaxMode Value="Delphi"/>
        <CStyleOperator Value="False"/>
        <CPPInline Value="False"/>
      </SyntaxOptions>
    </Parsing>
    <CodeGeneration>
      <SmartLinkUnit Value="True"/>
    </CodeGeneration>
    <Linking>
      <Debugging>
        <UseLineInfoUnit Value="False"/>
        <StripSymbols Value="True"/>
      </Debugging>
      <LinkSmart Value="True"/>
      <Options>
        <Win32>
          <GraphicApplication Value="True"/>
        </Win32>
        <ExecutableType Value="Library"/>
      </Options>
    </Linking>
    <Other>
      <Verbosity>
        <ShowNotes Value="False"/>
        <ShowHints Value="False"/>
        <ShowGenInfo Value="False"/>
      </Verbosity>
      <WriteFPCLogo Value="False"/>
      <CompilerMessages>
        <UseMsgFile Value="True"/>
      </CompilerMessages>
      <CompilerPath Value="$(CompPath)"/>
    </Other>
  </CompilerOptions>
  <Debugging>
    <Exceptions Count="3">
      <Item1>
        <Name Value="EAbort"/>
      </Item1>
      <Item2>
        <Name Value="ECodetoolError"/>
      </Item2>
      <Item3>
        <Name Value="EFOpenError"/>
      </Item3>
    </Exceptions>
  </Debugging>
</CONFIG>
